{
  "name": "limbo-react-package",
  "version": "1.0.0",
  "lockfileVersion": 2,
  "requires": true,
  "packages": {
    "": {
      "name": "limbo-react-package",
      "version": "1.0.0",
      "license": "ISC",
      "bin": {
        "limbo-react-package": "create-structure.js"
      }
    }
  }
}
